
Microsoft Visual Studio Solution File, Format Version 12.00
# Visual Studio 15
VisualStudioVersion = 15.0.28307.1525
MinimumVisualStudioVersion = 10.0.40219.1
Project("{FAE04EC0-301F-11D3-BF4B-00C04F79EFBC}") = "Multiples3And5", "Multiples3And5\Multiples3And5.csproj", "{A114A9F7-9655-4F5B-B7CC-FAE26AD55BD2}"
EndProject
Global
	GlobalSection(SolutionConfigurationPlatforms) = preSolution
		Debug|Any CPU = Debug|Any CPU
		Release|Any CPU = Release|Any CPU
	EndGlobalSection
	GlobalSection(ProjectConfigurationPlatforms) = postSolution
		{A114A9F7-9655-4F5B-B7CC-FAE26AD55BD2}.Debug|Any CPU.ActiveCfg = Debug|Any CPU
		{A114A9F7-9655-4F5B-B7CC-FAE26AD55BD2}.Debug|Any CPU.Build.0 = Debug|Any CPU
		{A114A9F7-9655-4F5B-B7CC-FAE26AD55BD2}.Release|Any CPU.ActiveCfg = Release|Any CPU
		{A114A9F7-9655-4F5B-B7CC-FAE26AD55BD2}.Release|Any CPU.Build.0 = Release|Any CPU
	EndGlobalSection
	GlobalSection(SolutionProperties) = preSolution
		HideSolutionNode = FALSE
	EndGlobalSection
	GlobalSection(ExtensibilityGlobals) = postSolution
		SolutionGuid = {4AA13172-3479-4D07-A8DF-C6F52E813F33}
	EndGlobalSection
EndGlobal
